
Microsoft Visual Studio Solution File, Format Version 12.00
# Visual Studio Version 17
VisualStudioVersion = 17.4.33603.86
MinimumVisualStudioVersion = 10.0.40219.1
Project("{9A19103F-16F7-4668-BE54-9A1E7A4F7556}") = "SoundDesigner", "SoundDesigner.csproj", "{09DCFF35-396D-46E1-B293-9313C40F09EC}"
EndProject
Global
	GlobalSection(SolutionConfigurationPlatforms) = preSolution
		Debug|Any CPU = Debug|Any CPU
		Release|Any CPU = Release|Any CPU
	EndGlobalSection
	GlobalSection(ProjectConfigurationPlatforms) = postSolution
		{09DCFF35-396D-46E1-B293-9313C40F09EC}.Debug|Any CPU.ActiveCfg = Debug|Any CPU
		{09DCFF35-396D-46E1-B293-9313C40F09EC}.Debug|Any CPU.Build.0 = Debug|Any CPU
		{09DCFF35-396D-46E1-B293-9313C40F09EC}.Release|Any CPU.ActiveCfg = Release|Any CPU
		{09DCFF35-396D-46E1-B293-9313C40F09EC}.Release|Any CPU.Build.0 = Release|Any CPU
	EndGlobalSection
	GlobalSection(SolutionProperties) = preSolution
		HideSolutionNode = FALSE
	EndGlobalSection
	GlobalSection(ExtensibilityGlobals) = postSolution
		SolutionGuid = {48505D10-C714-403C-9807-37066E86C4BF}
	EndGlobalSection
EndGlobal
